// !$*UTF8*$!
{
	archiveVersion = 1;
	classes = {
	};
	objectVersion = 50;
	objects = {

/* Begin PBXBuildFile section */
		611FA7DF2331870100FAF321 /* AppDelegate.swift in Sources */ = {isa = PBXBuildFile; fileRef = 611FA7DE2331870100FAF321 /* AppDelegate.swift */; };
		611FA7E12331870100FAF321 /* ViewController.swift in Sources */ = {isa = PBXBuildFile; fileRef = 611FA7E02331870100FAF321 /* ViewController.swift */; };
		611FA7E62331870200FAF321 /* Assets.xcassets in Resources */ = {isa = PBXBuildFile; fileRef = 611FA7E52331870200FAF321 /* Assets.xcassets */; };
		611FA7E92331870200FAF321 /* LaunchScreen.storyboard in Resources */ = {isa = PBXBuildFile; fileRef = 611FA7E72331870200FAF321 /* LaunchScreen.storyboard */; };
		611FA7F42331870200FAF321 /* Lab_1Tests.swift in Sources */ = {isa = PBXBuildFile; fileRef = 611FA7F32331870200FAF321 /* Lab_1Tests.swift */; };
		611FA80223318A0F00FAF321 /* CustomRadioBtn.swift in Sources */ = {isa = PBXBuildFile; fileRef = 611FA80123318A0F00FAF321 /* CustomRadioBtn.swift */; };
		61FA7E8223356638000C5F62 /* CustomBgImageView.swift in Sources */ = {isa = PBXBuildFile; fileRef = 61FA7E8123356638000C5F62 /* CustomBgImageView.swift */; };
		61FA7E84233566CB000C5F62 /* TimeOfDayEnum.swift in Sources */ = {isa = PBXBuildFile; fileRef = 61FA7E83233566CB000C5F62 /* TimeOfDayEnum.swift */; };
		61FA7E86233568CE000C5F62 /* CurrentTimePeriod.swift in Sources */ = {isa = PBXBuildFile; fileRef = 61FA7E85233568CE000C5F62 /* CurrentTimePeriod.swift */; };
/* End PBXBuildFile section */

/* Begin PBXContainerItemProxy section */
		611FA7F02331870200FAF321 /* PBXContainerItemProxy */ = {
			isa = PBXContainerItemProxy;
			containerPortal = 611FA7D32331870000FAF321 /* Project object */;
			proxyType = 1;
			remoteGlobalIDString = 611FA7DA2331870100FAF321;
			remoteInfo = Lab.1;
		};
/* End PBXContainerItemProxy section */

/* Begin PBXFileReference section */
		611FA7DB2331870100FAF321 /* Lab.1.app */ = {isa = PBXFileReference; explicitFileType = wrapper.application; includeInIndex = 0; path = Lab.1.app; sourceTree = BUILT_PRODUCTS_DIR; };
		611FA7DE2331870100FAF321 /* AppDelegate.swift */ = {isa = PBXFileReference; lastKnownFileType = sourcecode.swift; path = AppDelegate.swift; sourceTree = "<group>"; };
		611FA7E02331870100FAF321 /* ViewController.swift */ = {isa = PBXFileReference; lastKnownFileType = sourcecode.swift; path = ViewController.swift; sourceTree = "<group>"; };
		611FA7E52331870200FAF321 /* Assets.xcassets */ = {isa = PBXFileReference; lastKnownFileType = folder.assetcatalog; path = Assets.xcassets; sourceTree = "<group>"; };
		611FA7E82331870200FAF321 /* Base */ = {isa = PBXFileReference; lastKnownFileType = file.storyboard; name = Base; path = Base.lproj/LaunchScreen.storyboard; sourceTree = "<group>"; };
		611FA7EA2331870200FAF321 /* Info.plist */ = {isa = PBXFileReference; lastKnownFileType = text.plist.xml; path = Info.plist; sourceTree = "<group>"; };
		611FA7EF2331870200FAF321 /* Lab.1Tests.xctest */ = {isa = PBXFileReference; explicitFileType = wrapper.cfbundle; includeInIndex = 0; path = Lab.1Tests.xctest; sourceTree = BUILT_PRODUCTS_DIR; };
		611FA7F32331870200FAF321 /* Lab_1Tests.swift */ = {isa = PBXFileReference; lastKnownFileType = sourcecode.swift; path = Lab_1Tests.swift; sourceTree = "<group>"; };
		611FA7F52331870200FAF321 /* Info.plist */ = {isa = PBXFileReference; lastKnownFileType = text.plist.xml; path = Info.plist; sourceTree = "<group>"; };
		611FA80123318A0F00FAF321 /* CustomRadioBtn.swift */ = {isa = PBXFileReference; lastKnownFileType = sourcecode.swift; path = CustomRadioBtn.swift; sourceTree = "<group>"; };
		61FA7E8123356638000C5F62 /* CustomBgImageView.swift */ = {isa = PBXFileReference; lastKnownFileType = sourcecode.swift; path = CustomBgImageView.swift; sourceTree = "<group>"; };
		61FA7E83233566CB000C5F62 /* TimeOfDayEnum.swift */ = {isa = PBXFileReference; lastKnownFileType = sourcecode.swift; path = TimeOfDayEnum.swift; sourceTree = "<group>"; };
		61FA7E85233568CE000C5F62 /* CurrentTimePeriod.swift */ = {isa = PBXFileReference; lastKnownFileType = sourcecode.swift; path = CurrentTimePeriod.swift; sourceTree = "<group>"; };
/* End PBXFileReference section */

/* Begin PBXFrameworksBuildPhase section */
		611FA7D82331870100FAF321 /* Frameworks */ = {
			isa = PBXFrameworksBuildPhase;
			buildActionMask = 2147483647;
			files = (
			);
			runOnlyForDeploymentPostprocessing = 0;
		};
		611FA7EC2331870200FAF321 /* Frameworks */ = {
			isa = PBXFrameworksBuildPhase;
			buildActionMask = 2147483647;
			files = (
			);
			runOnlyForDeploymentPostprocessing = 0;
		};
/* End PBXFrameworksBuildPhase section */

/* Begin PBXGroup section */
		611FA7D22331870000FAF321 = {
			isa = PBXGroup;
			children = (
				611FA7DD2331870100FAF321 /* Lab.1 */,
				611FA7F22331870200FAF321 /* Lab.1Tests */,
				611FA7DC2331870100FAF321 /* Products */,
			);
			sourceTree = "<group>";
		};
		611FA7DC2331870100FAF321 /* Products */ = {
			isa = PBXGroup;
			children = (
				611FA7DB2331870100FAF321 /* Lab.1.app */,
				611FA7EF2331870200FAF321 /* Lab.1Tests.xctest */,
			);
			name = Products;
			sourceTree = "<group>";
		};
		611FA7DD2331870100FAF321 /* Lab.1 */ = {
			isa = PBXGroup;
			children = (
				611FA800233189FA00FAF321 /* Model */,
				611FA7FF233189F500FAF321 /* View */,
				611FA7FE233189E600FAF321 /* Controller */,
				611FA7DE2331870100FAF321 /* AppDelegate.swift */,
				611FA7E52331870200FAF321 /* Assets.xcassets */,
				611FA7E72331870200FAF321 /* LaunchScreen.storyboard */,
				611FA7EA2331870200FAF321 /* Info.plist */,
			);
			path = Lab.1;
			sourceTree = "<group>";
		};
		611FA7F22331870200FAF321 /* Lab.1Tests */ = {
			isa = PBXGroup;
			children = (
				611FA7F32331870200FAF321 /* Lab_1Tests.swift */,
				611FA7F52331870200FAF321 /* Info.plist */,
			);
			path = Lab.1Tests;
			sourceTree = "<group>";
		};
		611FA7FE233189E600FAF321 /* Controller */ = {
			isa = PBXGroup;
			children = (
				611FA7E02331870100FAF321 /* ViewController.swift */,
			);
			path = Controller;
			sourceTree = "<group>";
		};
		611FA7FF233189F500FAF321 /* View */ = {
			isa = PBXGroup;
			children = (
				611FA80123318A0F00FAF321 /* CustomRadioBtn.swift */,
				61FA7E8123356638000C5F62 /* CustomBgImageView.swift */,
			);
			path = View;
			sourceTree = "<group>";
		};
		611FA800233189FA00FAF321 /* Model */ = {
			isa = PBXGroup;
			children = (
				61FA7E83233566CB000C5F62 /* TimeOfDayEnum.swift */,
				61FA7E85233568CE000C5F62 /* CurrentTimePeriod.swift */,
			);
			path = Model;
			sourceTree = "<group>";
		};
/* End PBXGroup section */

/* Begin PBXNativeTarget section */
		611FA7DA2331870100FAF321 /* Lab.1 */ = {
			isa = PBXNativeTarget;
			buildConfigurationList = 611FA7F82331870200FAF321 /* Build configuration list for PBXNativeTarget "Lab.1" */;
			buildPhases = (
				611FA7D72331870100FAF321 /* Sources */,
				611FA7D82331870100FAF321 /* Frameworks */,
				611FA7D92331870100FAF321 /* Resources */,
			);
			buildRules = (
			);
			dependencies = (
			);
			name = Lab.1;
			productName = Lab.1;
			productReference = 611FA7DB2331870100FAF321 /* Lab.1.app */;
			productType = "com.apple.product-type.application";
		};
		611FA7EE2331870200FAF321 /* Lab.1Tests */ = {
			isa = PBXNativeTarget;
			buildConfigurationList = 611FA7FB2331870200FAF321 /* Build configuration list for PBXNativeTarget "Lab.1Tests" */;
			buildPhases = (
				611FA7EB2331870200FAF321 /* Sources */,
				611FA7EC2331870200FAF321 /* Frameworks */,
				611FA7ED2331870200FAF321 /* Resources */,
			);
			buildRules = (
			);
			dependencies = (
				611FA7F12331870200FAF321 /* PBXTargetDependency */,
			);
			name = Lab.1Tests;
			productName = Lab.1Tests;
			productReference = 611FA7EF2331870200FAF321 /* Lab.1Tests.xctest */;
			productType = "com.apple.product-type.bundle.unit-test";
		};
/* End PBXNativeTarget section */

/* Begin PBXProject section */
		611FA7D32331870000FAF321 /* Project object */ = {
			isa = PBXProject;
			attributes = {
				LastSwiftUpdateCheck = 1030;
				LastUpgradeCheck = 1030;
				ORGANIZATIONNAME = vladikkk;
				TargetAttributes = {
					611FA7DA2331870100FAF321 = {
						CreatedOnToolsVersion = 10.3;
					};
					611FA7EE2331870200FAF321 = {
						CreatedOnToolsVersion = 10.3;
						TestTargetID = 611FA7DA2331870100FAF321;
					};
				};
			};
			buildConfigurationList = 611FA7D62331870000FAF321 /* Build configuration list for PBXProject "Lab.1" */;
			compatibilityVersion = "Xcode 9.3";
			developmentRegion = en;
			hasScannedForEncodings = 0;
			knownRegions = (
				en,
				Base,
			);
			mainGroup = 611FA7D22331870000FAF321;
			productRefGroup = 611FA7DC2331870100FAF321 /* Products */;
			projectDirPath = "";
			projectRoot = "";
			targets = (
				611FA7DA2331870100FAF321 /* Lab.1 */,
				611FA7EE2331870200FAF321 /* Lab.1Tests */,
			);
		};
/* End PBXProject section */

/* Begin PBXResourcesBuildPhase section */
		611FA7D92331870100FAF321 /* Resources */ = {
			isa = PBXResourcesBuildPhase;
			buildActionMask = 2147483647;
			files = (
				611FA7E92331870200FAF321 /* LaunchScreen.storyboard in Resources */,
				611FA7E62331870200FAF321 /* Assets.xcassets in Resources */,
			);
			runOnlyForDeploymentPostprocessing = 0;
		};
		611FA7ED2331870200FAF321 /* Resources */ = {
			isa = PBXResourcesBuildPhase;
			buildActionMask = 2147483647;
			files = (
			);
			runOnlyForDeploymentPostprocessing = 0;
		};
/* End PBXResourcesBuildPhase section */

/* Begin PBXSourcesBuildPhase section */
		611FA7D72331870100FAF321 /* Sources */ = {
			isa = PBXSourcesBuildPhase;
			buildActionMask = 2147483647;
			files = (
				61FA7E8223356638000C5F62 /* CustomBgImageView.swift in Sources */,
				611FA80223318A0F00FAF321 /* CustomRadioBtn.swift in Sources */,
				611FA7E12331870100FAF321 /* ViewController.swift in Sources */,
				611FA7DF2331870100FAF321 /* AppDelegate.swift in Sources */,
				61FA7E84233566CB000C5F62 /* TimeOfDayEnum.swift in Sources */,
				61FA7E86233568CE000C5F62 /* CurrentTimePeriod.swift in Sources */,
			);
			runOnlyForDeploymentPostprocessing = 0;
		};
		611FA7EB2331870200FAF321 /* Sources */ = {
			isa = PBXSourcesBuildPhase;
			buildActionMask = 2147483647;
			files = (
				611FA7F42331870200FAF321 /* Lab_1Tests.swift in Sources */,
			);
			runOnlyForDeploymentPostprocessing = 0;
		};
/* End PBXSourcesBuildPhase section */

/* Begin PBXTargetDependency section */
		611FA7F12331870200FAF321 /* PBXTargetDependency */ = {
			isa = PBXTargetDependency;
			target = 611FA7DA2331870100FAF321 /* Lab.1 */;
			targetProxy = 611FA7F02331870200FAF321 /* PBXContainerItemProxy */;
		};
/* End PBXTargetDependency section */

/* Begin PBXVariantGroup section */
		611FA7E72331870200FAF321 /* LaunchScreen.storyboard */ = {
			isa = PBXVariantGroup;
			children = (
				611FA7E82331870200FAF321 /* Base */,
			);
			name = LaunchScreen.storyboard;
			sourceTree = "<group>";
		};
/* End PBXVariantGroup section */

/* Begin XCBuildConfiguration section */
		611FA7F62331870200FAF321 /* Debug */ = {
			isa = XCBuildConfiguration;
			buildSettings = {
				ALWAYS_SEARCH_USER_PATHS = NO;
				CLANG_ANALYZER_NONNULL = YES;
				CLANG_ANALYZER_NUMBER_OBJECT_CONVERSION = YES_AGGRESSIVE;
				CLANG_CXX_LANGUAGE_STANDARD = "gnu++14";
				CLANG_CXX_LIBRARY = "libc++";
				CLANG_ENABLE_MODULES = YES;
				CLANG_ENABLE_OBJC_ARC = YES;
				CLANG_ENABLE_OBJC_WEAK = YES;
				CLANG_WARN_BLOCK_CAPTURE_AUTORELEASING = YES;
				CLANG_WARN_BOOL_CONVERSION = YES;
				CLANG_WARN_COMMA = YES;
				CLANG_WARN_CONSTANT_CONVERSION = YES;
				CLANG_WARN_DEPRECATED_OBJC_IMPLEMENTATIONS = YES;
				CLANG_WARN_DIRECT_OBJC_ISA_USAGE = YES_ERROR;
				CLANG_WARN_DOCUMENTATION_COMMENTS = YES;
				CLANG_WARN_EMPTY_BODY = YES;
				CLANG_WARN_ENUM_CONVERSION = YES;
				CLANG_WARN_INFINITE_RECURSION = YES;
				CLANG_WARN_INT_CONVERSION = YES;
				CLANG_WARN_NON_LITERAL_NULL_CONVERSION = YES;
				CLANG_WARN_OBJC_IMPLICIT_RETAIN_SELF = YES;
				CLANG_WARN_OBJC_LITERAL_CONVERSION = YES;
				CLANG_WARN_OBJC_ROOT_CLASS = YES_ERROR;
				CLANG_WARN_RANGE_LOOP_ANALYSIS = YES;
				CLANG_WARN_STRICT_PROTOTYPES = YES;
				CLANG_WARN_SUSPICIOUS_MOVE = YES;
				CLANG_WARN_UNGUARDED_AVAILABILITY = YES_AGGRESSIVE;
				CLANG_WARN_UNREACHABLE_CODE = YES;
				CLANG_WARN__DUPLICATE_METHOD_MATCH = YES;
				CODE_SIGN_IDENTITY = "iPhone Developer";
				COPY_PHASE_STRIP = NO;
				DEBUG_INFORMATION_FORMAT = dwarf;
				ENABLE_STRICT_OBJC_MSGSEND = YES;
				ENABLE_TESTABILITY = YES;
				GCC_C_LANGUAGE_STANDARD = gnu11;
				GCC_DYNAMIC_NO_PIC = NO;
				GCC_NO_COMMON_BLOCKS = YES;
				GCC_OPTIMIZATION_LEVEL = 0;
				GCC_PREPROCESSOR_DEFINITIONS = (
					"DEBUG=1",
					"$(inherited)",
				);
				GCC_WARN_64_TO_32_BIT_CONVERSION = YES;
				GCC_WARN_ABOUT_RETURN_TYPE = YES_ERROR;
				GCC_WARN_UNDECLARED_SELECTOR = YES;
				GCC_WARN_UNINITIALIZED_AUTOS = YES_AGGRESSIVE;
				GCC_WARN_UNUSED_FUNCTION = YES;
				GCC_WARN_UNUSED_VARIABLE = YES;
				IPHONEOS_DEPLOYMENT_TARGET = 12.4;
				MTL_ENABLE_DEBUG_INFO = INCLUDE_SOURCE;
				MTL_FAST_MATH = YES;
				ONLY_ACTIVE_ARCH = YES;
				SDKROOT = iphoneos;
				SWIFT_ACTIVE_COMPILATION_CONDITIONS = DEBUG;
				SWIFT_OPTIMIZATION_LEVEL = "-Onone";
			};
			name = Debug;
		};
		611FA7F72331870200FAF321 /* Release */ = {
			isa = XCBuildConfiguration;
			buildSettings = {
				ALWAYS_SEARCH_USER_PATHS = NO;
				CLANG_ANALYZER_NONNULL = YES;
				CLANG_ANALYZER_NUMBER_OBJECT_CONVERSION = YES_AGGRESSIVE;
				CLANG_CXX_LANGUAGE_STANDARD = "gnu++14";
				CLANG_CXX_LIBRARY = "libc++";
				CLANG_ENABLE_MODULES = YES;
				CLANG_ENABLE_OBJC_ARC = YES;
				CLANG_ENABLE_OBJC_WEAK = YES;
				CLANG_WARN_BLOCK_CAPTURE_AUTORELEASING = YES;
				CLANG_WARN_BOOL_CONVERSION = YES;
				CLANG_WARN_COMMA = YES;
				CLANG_WARN_CONSTANT_CONVERSION = YES;
				CLANG_WARN_DEPRECATED_OBJC_IMPLEMENTATIONS = YES;
				CLANG_WARN_DIRECT_OBJC_ISA_USAGE = YES_ERROR;
				CLANG_WARN_DOCUMENTATION_COMMENTS = YES;
				CLANG_WARN_EMPTY_BODY = YES;
				CLANG_WARN_ENUM_CONVERSION = YES;
				CLANG_WARN_INFINITE_RECURSION = YES;
				CLANG_WARN_INT_CONVERSION = YES;
				CLANG_WARN_NON_LITERAL_NULL_CONVERSION = YES;
				CLANG_WARN_OBJC_IMPLICIT_RETAIN_SELF = YES;
				CLANG_WARN_OBJC_LITERAL_CONVERSION = YES;
				CLANG_WARN_OBJC_ROOT_CLASS = YES_ERROR;
				CLANG_WARN_RANGE_LOOP_ANALYSIS = YES;
				CLANG_WARN_STRICT_PROTOTYPES = YES;
				CLANG_WARN_SUSPICIOUS_MOVE = YES;
				CLANG_WARN_UNGUARDED_AVAILABILITY = YES_AGGRESSIVE;
				CLANG_WARN_UNREACHABLE_CODE = YES;
				CLANG_WARN__DUPLICATE_METHOD_MATCH = YES;
				CODE_SIGN_IDENTITY = "iPhone Developer";
				COPY_PHASE_STRIP = NO;
				DEBUG_INFORMATION_FORMAT = "dwarf-with-dsym";
				ENABLE_NS_ASSERTIONS = NO;
				ENABLE_STRICT_OBJC_MSGSEND = YES;
				GCC_C_LANGUAGE_STANDARD = gnu11;
				GCC_NO_COMMON_BLOCKS = YES;
				GCC_WARN_64_TO_32_BIT_CONVERSION = YES;
				GCC_WARN_ABOUT_RETURN_TYPE = YES_ERROR;
				GCC_WARN_UNDECLARED_SELECTOR = YES;
				GCC_WARN_UNINITIALIZED_AUTOS = YES_AGGRESSIVE;
				GCC_WARN_UNUSED_FUNCTION = YES;
				GCC_WARN_UNUSED_VARIABLE = YES;
				IPHONEOS_DEPLOYMENT_TARGET = 12.4;
				MTL_ENABLE_DEBUG_INFO = NO;
				MTL_FAST_MATH = YES;
				SDKROOT = iphoneos;
				SWIFT_COMPILATION_MODE = wholemodule;
				SWIFT_OPTIMIZATION_LEVEL = "-O";
				VALIDATE_PRODUCT = YES;
			};
			name = Release;
		};
		611FA7F92331870200FAF321 /* Debug */ = {
			isa = XCBuildConfiguration;
			buildSettings = {
				ASSETCATALOG_COMPILER_APPICON_NAME = AppIcon;
				CODE_SIGN_STYLE = Automatic;
				DEVELOPMENT_TEAM = 5ZFBRS23ZM;
				INFOPLIST_FILE = Lab.1/Info.plist;
				LD_RUNPATH_SEARCH_PATHS = (
					"$(inherited)",
					"@executable_path/Frameworks",
				);
				PRODUCT_BUNDLE_IDENTIFIER = "PAM.Lab-1";
				PRODUCT_NAME = "$(TARGET_NAME)";
				SWIFT_VERSION = 5.0;
				TARGETED_DEVICE_FAMILY = 1;
			};
			name = Debug;
		};
		611FA7FA2331870200FAF321 /* Release */ = {
			isa = XCBuildConfiguration;
			buildSettings = {
				ASSETCATALOG_COMPILER_APPICON_NAME = AppIcon;
				CODE_SIGN_STYLE = Automatic;
				DEVELOPMENT_TEAM = 5ZFBRS23ZM;
				INFOPLIST_FILE = Lab.1/Info.plist;
				LD_RUNPATH_SEARCH_PATHS = (
					"$(inherited)",
					"@executable_path/Frameworks",
				);
				PRODUCT_BUNDLE_IDENTIFIER = "PAM.Lab-1";
				PRODUCT_NAME = "$(TARGET_NAME)";
				SWIFT_VERSION = 5.0;
				TARGETED_DEVICE_FAMILY = 1;
			};
			name = Release;
		};
		611FA7FC2331870200FAF321 /* Debug */ = {
			isa = XCBuildConfiguration;
			buildSettings = {
				ALWAYS_EMBED_SWIFT_STANDARD_LIBRARIES = YES;
				BUNDLE_LOADER = "$(TEST_HOST)";
				CODE_SIGN_STYLE = Automatic;
				DEVELOPMENT_TEAM = 5ZFBRS23ZM;
				INFOPLIST_FILE = Lab.1Tests/Info.plist;
				LD_RUNPATH_SEARCH_PATHS = (
					"$(inherited)",
					"@executable_path/Frameworks",
					"@loader_path/Frameworks",
				);
				PRODUCT_BUNDLE_IDENTIFIER = "PAM.Lab-1Tests";
				PRODUCT_NAME = "$(TARGET_NAME)";
				SWIFT_VERSION = 5.0;
				TARGETED_DEVICE_FAMILY = "1,2";
				TEST_HOST = "$(BUILT_PRODUCTS_DIR)/Lab.1.app/Lab.1";
			};
			name = Debug;
		};
		611FA7FD2331870200FAF321 /* Release */ = {
			isa = XCBuildConfiguration;
			buildSettings = {
				ALWAYS_EMBED_SWIFT_STANDARD_LIBRARIES = YES;
				BUNDLE_LOADER = "$(TEST_HOST)";
				CODE_SIGN_STYLE = Automatic;
				DEVELOPMENT_TEAM = 5ZFBRS23ZM;
				INFOPLIST_FILE = Lab.1Tests/Info.plist;
				LD_RUNPATH_SEARCH_PATHS = (
					"$(inherited)",
					"@executable_path/Frameworks",
					"@loader_path/Frameworks",
				);
				PRODUCT_BUNDLE_IDENTIFIER = "PAM.Lab-1Tests";
				PRODUCT_NAME = "$(TARGET_NAME)";
				SWIFT_VERSION = 5.0;
				TARGETED_DEVICE_FAMILY = "1,2";
				TEST_HOST = "$(BUILT_PRODUCTS_DIR)/Lab.1.app/Lab.1";
			};
			name = Release;
		};
/* End XCBuildConfiguration section */

/* Begin XCConfigurationList section */
		611FA7D62331870000FAF321 /* Build configuration list for PBXProject "Lab.1" */ = {
			isa = XCConfigurationList;
			buildConfigurations = (
				611FA7F62331870200FAF321 /* Debug */,
				611FA7F72331870200FAF321 /* Release */,
			);
			defaultConfigurationIsVisible = 0;
			defaultConfigurationName = Release;
		};
		611FA7F82331870200FAF321 /* Build configuration list for PBXNativeTarget "Lab.1" */ = {
			isa = XCConfigurationList;
			buildConfigurations = (
				611FA7F92331870200FAF321 /* Debug */,
				611FA7FA2331870200FAF321 /* Release */,
			);
			defaultConfigurationIsVisible = 0;
			defaultConfigurationName = Release;
		};
		611FA7FB2331870200FAF321 /* Build configuration list for PBXNativeTarget "Lab.1Tests" */ = {
			isa = XCConfigurationList;
			buildConfigurations = (
				611FA7FC2331870200FAF321 /* Debug */,
				611FA7FD2331870200FAF321 /* Release */,
			);
			defaultConfigurationIsVisible = 0;
			defaultConfigurationName = Release;
		};
/* End XCConfigurationList section */
	};
	rootObject = 611FA7D32331870000FAF321 /* Project object */;
}
